
Microsoft Visual Studio Solution File, Format Version 12.00
# Visual Studio Version 17
VisualStudioVersion = 17.4.33213.308
MinimumVisualStudioVersion = 10.0.40219.1
Project("{8BC9CEB8-8B4A-11D0-8D11-00A0C91BC942}") = "LabProject00", "LabProject00\LabProject00.vcxproj", "{D8C94E66-8B58-402B-9736-228174AB0DF4}"
EndProject
Project("{8BC9CEB8-8B4A-11D0-8D11-00A0C91BC942}") = "LabProject01", "LabProject01\LabProject01.vcxproj", "{7BAD3997-413C-427F-AB2D-A3F2D5E127D1}"
EndProject
Project("{8BC9CEB8-8B4A-11D0-8D11-00A0C91BC942}") = "LabProject02", "WindowsProject2\WindowsProject2.vcxproj", "{51BC5F28-7BB8-4AC7-BCED-9992358ED9DE}"
EndProject
Project("{8BC9CEB8-8B4A-11D0-8D11-00A0C91BC942}") = "LabProject03", "LabProject03\LabProject03.vcxproj", "{9424D192-7D5E-46A8-AFC4-E357FF2FF8AF}"
EndProject
Project("{8BC9CEB8-8B4A-11D0-8D11-00A0C91BC942}") = "LapProject04", "LapProject04\LapProject04.vcxproj", "{7201751F-51C0-49E3-AB63-4479E9CA2114}"
EndProject
Global
	GlobalSection(SolutionConfigurationPlatforms) = preSolution
		Debug|x64 = Debug|x64
		Debug|x86 = Debug|x86
		LabProject04|x64 = LabProject04|x64
		LabProject04|x86 = LabProject04|x86
		Release|x64 = Release|x64
		Release|x86 = Release|x86
	EndGlobalSection
	GlobalSection(ProjectConfigurationPlatforms) = postSolution
		{D8C94E66-8B58-402B-9736-228174AB0DF4}.Debug|x64.ActiveCfg = Debug|x64
		{D8C94E66-8B58-402B-9736-228174AB0DF4}.Debug|x86.ActiveCfg = Debug|Win32
		{D8C94E66-8B58-402B-9736-228174AB0DF4}.Debug|x86.Build.0 = Debug|Win32
		{D8C94E66-8B58-402B-9736-228174AB0DF4}.LabProject04|x64.ActiveCfg = LabProject04|x64
		{D8C94E66-8B58-402B-9736-228174AB0DF4}.LabProject04|x86.ActiveCfg = LabProject04|Win32
		{D8C94E66-8B58-402B-9736-228174AB0DF4}.Release|x64.ActiveCfg = Release|x64
		{D8C94E66-8B58-402B-9736-228174AB0DF4}.Release|x64.Build.0 = Release|x64
		{D8C94E66-8B58-402B-9736-228174AB0DF4}.Release|x86.ActiveCfg = Release|Win32
		{D8C94E66-8B58-402B-9736-228174AB0DF4}.Release|x86.Build.0 = Release|Win32
		{7BAD3997-413C-427F-AB2D-A3F2D5E127D1}.Debug|x64.ActiveCfg = Debug|x64
		{7BAD3997-413C-427F-AB2D-A3F2D5E127D1}.Debug|x86.ActiveCfg = Debug|Win32
		{7BAD3997-413C-427F-AB2D-A3F2D5E127D1}.Debug|x86.Build.0 = Debug|Win32
		{7BAD3997-413C-427F-AB2D-A3F2D5E127D1}.LabProject04|x64.ActiveCfg = LabProject04|x64
		{7BAD3997-413C-427F-AB2D-A3F2D5E127D1}.LabProject04|x86.ActiveCfg = LabProject04|Win32
		{7BAD3997-413C-427F-AB2D-A3F2D5E127D1}.Release|x64.ActiveCfg = Release|x64
		{7BAD3997-413C-427F-AB2D-A3F2D5E127D1}.Release|x64.Build.0 = Release|x64
		{7BAD3997-413C-427F-AB2D-A3F2D5E127D1}.Release|x86.ActiveCfg = Release|Win32
		{7BAD3997-413C-427F-AB2D-A3F2D5E127D1}.Release|x86.Build.0 = Release|Win32
		{51BC5F28-7BB8-4AC7-BCED-9992358ED9DE}.Debug|x64.ActiveCfg = Debug|x64
		{51BC5F28-7BB8-4AC7-BCED-9992358ED9DE}.Debug|x86.ActiveCfg = Debug|Win32
		{51BC5F28-7BB8-4AC7-BCED-9992358ED9DE}.Debug|x86.Build.0 = Debug|Win32
		{51BC5F28-7BB8-4AC7-BCED-9992358ED9DE}.LabProject04|x64.ActiveCfg = LabProject04|x64
		{51BC5F28-7BB8-4AC7-BCED-9992358ED9DE}.LabProject04|x86.ActiveCfg = LabProject04|Win32
		{51BC5F28-7BB8-4AC7-BCED-9992358ED9DE}.Release|x64.ActiveCfg = Release|x64
		{51BC5F28-7BB8-4AC7-BCED-9992358ED9DE}.Release|x64.Build.0 = Release|x64
		{51BC5F28-7BB8-4AC7-BCED-9992358ED9DE}.Release|x86.ActiveCfg = Release|Win32
		{51BC5F28-7BB8-4AC7-BCED-9992358ED9DE}.Release|x86.Build.0 = Release|Win32
		{9424D192-7D5E-46A8-AFC4-E357FF2FF8AF}.Debug|x64.ActiveCfg = Debug|x64
		{9424D192-7D5E-46A8-AFC4-E357FF2FF8AF}.Debug|x86.ActiveCfg = Debug|Win32
		{9424D192-7D5E-46A8-AFC4-E357FF2FF8AF}.Debug|x86.Build.0 = Debug|Win32
		{9424D192-7D5E-46A8-AFC4-E357FF2FF8AF}.LabProject04|x64.ActiveCfg = LabProject04|x64
		{9424D192-7D5E-46A8-AFC4-E357FF2FF8AF}.LabProject04|x86.ActiveCfg = LabProject04|Win32
		{9424D192-7D5E-46A8-AFC4-E357FF2FF8AF}.Release|x64.ActiveCfg = Release|x64
		{9424D192-7D5E-46A8-AFC4-E357FF2FF8AF}.Release|x64.Build.0 = Release|x64
		{9424D192-7D5E-46A8-AFC4-E357FF2FF8AF}.Release|x86.ActiveCfg = Release|Win32
		{9424D192-7D5E-46A8-AFC4-E357FF2FF8AF}.Release|x86.Build.0 = Release|Win32
		{7201751F-51C0-49E3-AB63-4479E9CA2114}.Debug|x64.ActiveCfg = Debug|x64
		{7201751F-51C0-49E3-AB63-4479E9CA2114}.Debug|x64.Build.0 = Debug|x64
		{7201751F-51C0-49E3-AB63-4479E9CA2114}.Debug|x86.ActiveCfg = Debug|Win32
		{7201751F-51C0-49E3-AB63-4479E9CA2114}.Debug|x86.Build.0 = Debug|Win32
		{7201751F-51C0-49E3-AB63-4479E9CA2114}.LabProject04|x64.ActiveCfg = Debug|x64
		{7201751F-51C0-49E3-AB63-4479E9CA2114}.LabProject04|x64.Build.0 = Debug|x64
		{7201751F-51C0-49E3-AB63-4479E9CA2114}.LabProject04|x86.ActiveCfg = Debug|Win32
		{7201751F-51C0-49E3-AB63-4479E9CA2114}.LabProject04|x86.Build.0 = Debug|Win32
		{7201751F-51C0-49E3-AB63-4479E9CA2114}.Release|x64.ActiveCfg = Release|x64
		{7201751F-51C0-49E3-AB63-4479E9CA2114}.Release|x64.Build.0 = Release|x64
		{7201751F-51C0-49E3-AB63-4479E9CA2114}.Release|x86.ActiveCfg = Release|Win32
		{7201751F-51C0-49E3-AB63-4479E9CA2114}.Release|x86.Build.0 = Release|Win32
	EndGlobalSection
	GlobalSection(SolutionProperties) = preSolution
		HideSolutionNode = FALSE
	EndGlobalSection
	GlobalSection(ExtensibilityGlobals) = postSolution
		SolutionGuid = {B314CB97-4F89-463F-BE0E-3742AA2CDB45}
	EndGlobalSection
EndGlobal
